// !$*UTF8*$!
{
	archiveVersion = 1;
	classes = {
	};
	objectVersion = 50;
	objects = {

/* Begin PBXBuildFile section */
		CAAC838E23B3166B00787AB2 /* AppDelegate.m in Sources */ = {isa = PBXBuildFile; fileRef = CAAC838D23B3166B00787AB2 /* AppDelegate.m */; };
		CAAC839123B3166B00787AB2 /* SceneDelegate.m in Sources */ = {isa = PBXBuildFile; fileRef = CAAC839023B3166B00787AB2 /* SceneDelegate.m */; };
		CAAC839723B3166B00787AB2 /* Main.storyboard in Resources */ = {isa = PBXBuildFile; fileRef = CAAC839523B3166B00787AB2 /* Main.storyboard */; };
		CAAC839923B3166C00787AB2 /* Assets.xcassets in Resources */ = {isa = PBXBuildFile; fileRef = CAAC839823B3166C00787AB2 /* Assets.xcassets */; };
		CAAC839C23B3166C00787AB2 /* LaunchScreen.storyboard in Resources */ = {isa = PBXBuildFile; fileRef = CAAC839A23B3166C00787AB2 /* LaunchScreen.storyboard */; };
		CAAC839F23B3166C00787AB2 /* main.m in Sources */ = {isa = PBXBuildFile; fileRef = CAAC839E23B3166C00787AB2 /* main.m */; };
		CAAC83A923B3166C00787AB2 /* FeedListTests.m in Sources */ = {isa = PBXBuildFile; fileRef = CAAC83A823B3166C00787AB2 /* FeedListTests.m */; };
		CAAC83B423B3166C00787AB2 /* FeedListUITests.m in Sources */ = {isa = PBXBuildFile; fileRef = CAAC83B323B3166C00787AB2 /* FeedListUITests.m */; };
		CAAC83CA23B319F400787AB2 /* LEQZoneTableViewController.m in Sources */ = {isa = PBXBuildFile; fileRef = CAAC83C923B319F400787AB2 /* LEQZoneTableViewController.m */; };
		CAAC83CD23B31B0000787AB2 /* LEQZoneTableViewCell.m in Sources */ = {isa = PBXBuildFile; fileRef = CAAC83CC23B31B0000787AB2 /* LEQZoneTableViewCell.m */; };
		CAC80CD823B340CA00F53300 /* zoom.plist in Resources */ = {isa = PBXBuildFile; fileRef = CAC80CD723B340CA00F53300 /* zoom.plist */; };
		CAC80CE023B34C5300F53300 /* LEQZone.m in Sources */ = {isa = PBXBuildFile; fileRef = CAC80CDF23B34C5300F53300 /* LEQZone.m */; };
		CAC80CE323B34DB500F53300 /* LEQZoneFrame.m in Sources */ = {isa = PBXBuildFile; fileRef = CAC80CE223B34DB500F53300 /* LEQZoneFrame.m */; };
		CAC80CE623B3529600F53300 /* NSString+Tools.m in Sources */ = {isa = PBXBuildFile; fileRef = CAC80CE523B3529600F53300 /* NSString+Tools.m */; };
		CAC80CEF23B4586E00F53300 /* LEPictureView.m in Sources */ = {isa = PBXBuildFile; fileRef = CAC80CEE23B4586E00F53300 /* LEPictureView.m */; };
		CAC80CF223B4CF7D00F53300 /* LEComment.m in Sources */ = {isa = PBXBuildFile; fileRef = CAC80CF123B4CF7D00F53300 /* LEComment.m */; };
		CAC80CF523B4D13A00F53300 /* LECommentView.m in Sources */ = {isa = PBXBuildFile; fileRef = CAC80CF423B4D13A00F53300 /* LECommentView.m */; };
		CAC80CF723B4D27B00F53300 /* comment.plist in Resources */ = {isa = PBXBuildFile; fileRef = CAC80CF623B4D27B00F53300 /* comment.plist */; };
		CAD1EBBE23B6FB7E00185B69 /* LEBrowserImageView.m in Sources */ = {isa = PBXBuildFile; fileRef = CAD1EBB723B6FB7D00185B69 /* LEBrowserImageView.m */; };
		CAD1EBBF23B6FB7E00185B69 /* LEPhotoBrowser.m in Sources */ = {isa = PBXBuildFile; fileRef = CAD1EBB923B6FB7E00185B69 /* LEPhotoBrowser.m */; };
/* End PBXBuildFile section */

/* Begin PBXContainerItemProxy section */
		CAAC83A523B3166C00787AB2 /* PBXContainerItemProxy */ = {
			isa = PBXContainerItemProxy;
			containerPortal = CAAC838123B3166B00787AB2 /* Project object */;
			proxyType = 1;
			remoteGlobalIDString = CAAC838823B3166B00787AB2;
			remoteInfo = FeedList;
		};
		CAAC83B023B3166C00787AB2 /* PBXContainerItemProxy */ = {
			isa = PBXContainerItemProxy;
			containerPortal = CAAC838123B3166B00787AB2 /* Project object */;
			proxyType = 1;
			remoteGlobalIDString = CAAC838823B3166B00787AB2;
			remoteInfo = FeedList;
		};
/* End PBXContainerItemProxy section */

/* Begin PBXFileReference section */
		CAAC838923B3166B00787AB2 /* FeedList.app */ = {isa = PBXFileReference; explicitFileType = wrapper.application; includeInIndex = 0; path = FeedList.app; sourceTree = BUILT_PRODUCTS_DIR; };
		CAAC838C23B3166B00787AB2 /* AppDelegate.h */ = {isa = PBXFileReference; lastKnownFileType = sourcecode.c.h; path = AppDelegate.h; sourceTree = "<group>"; };
		CAAC838D23B3166B00787AB2 /* AppDelegate.m */ = {isa = PBXFileReference; lastKnownFileType = sourcecode.c.objc; path = AppDelegate.m; sourceTree = "<group>"; };
		CAAC838F23B3166B00787AB2 /* SceneDelegate.h */ = {isa = PBXFileReference; lastKnownFileType = sourcecode.c.h; path = SceneDelegate.h; sourceTree = "<group>"; };
		CAAC839023B3166B00787AB2 /* SceneDelegate.m */ = {isa = PBXFileReference; lastKnownFileType = sourcecode.c.objc; path = SceneDelegate.m; sourceTree = "<group>"; };
		CAAC839623B3166B00787AB2 /* Base */ = {isa = PBXFileReference; lastKnownFileType = file.storyboard; name = Base; path = Base.lproj/Main.storyboard; sourceTree = "<group>"; };
		CAAC839823B3166C00787AB2 /* Assets.xcassets */ = {isa = PBXFileReference; lastKnownFileType = folder.assetcatalog; path = Assets.xcassets; sourceTree = "<group>"; };
		CAAC839B23B3166C00787AB2 /* Base */ = {isa = PBXFileReference; lastKnownFileType = file.storyboard; name = Base; path = Base.lproj/LaunchScreen.storyboard; sourceTree = "<group>"; };
		CAAC839D23B3166C00787AB2 /* Info.plist */ = {isa = PBXFileReference; lastKnownFileType = text.plist.xml; path = Info.plist; sourceTree = "<group>"; };
		CAAC839E23B3166C00787AB2 /* main.m */ = {isa = PBXFileReference; lastKnownFileType = sourcecode.c.objc; path = main.m; sourceTree = "<group>"; };
		CAAC83A423B3166C00787AB2 /* FeedListTests.xctest */ = {isa = PBXFileReference; explicitFileType = wrapper.cfbundle; includeInIndex = 0; path = FeedListTests.xctest; sourceTree = BUILT_PRODUCTS_DIR; };
		CAAC83A823B3166C00787AB2 /* FeedListTests.m */ = {isa = PBXFileReference; lastKnownFileType = sourcecode.c.objc; path = FeedListTests.m; sourceTree = "<group>"; };
		CAAC83AA23B3166C00787AB2 /* Info.plist */ = {isa = PBXFileReference; lastKnownFileType = text.plist.xml; path = Info.plist; sourceTree = "<group>"; };
		CAAC83AF23B3166C00787AB2 /* FeedListUITests.xctest */ = {isa = PBXFileReference; explicitFileType = wrapper.cfbundle; includeInIndex = 0; path = FeedListUITests.xctest; sourceTree = BUILT_PRODUCTS_DIR; };
		CAAC83B323B3166C00787AB2 /* FeedListUITests.m */ = {isa = PBXFileReference; lastKnownFileType = sourcecode.c.objc; path = FeedListUITests.m; sourceTree = "<group>"; };
		CAAC83B523B3166C00787AB2 /* Info.plist */ = {isa = PBXFileReference; lastKnownFileType = text.plist.xml; path = Info.plist; sourceTree = "<group>"; };
		CAAC83C823B319F400787AB2 /* LEQZoneTableViewController.h */ = {isa = PBXFileReference; lastKnownFileType = sourcecode.c.h; path = LEQZoneTableViewController.h; sourceTree = "<group>"; };
		CAAC83C923B319F400787AB2 /* LEQZoneTableViewController.m */ = {isa = PBXFileReference; lastKnownFileType = sourcecode.c.objc; path = LEQZoneTableViewController.m; sourceTree = "<group>"; };
		CAAC83CB23B31B0000787AB2 /* LEQZoneTableViewCell.h */ = {isa = PBXFileReference; lastKnownFileType = sourcecode.c.h; path = LEQZoneTableViewCell.h; sourceTree = "<group>"; };
		CAAC83CC23B31B0000787AB2 /* LEQZoneTableViewCell.m */ = {isa = PBXFileReference; lastKnownFileType = sourcecode.c.objc; path = LEQZoneTableViewCell.m; sourceTree = "<group>"; };
		CAAC83D223B335BF00787AB2 /* 4934348604.jpeg */ = {isa = PBXFileReference; lastKnownFileType = image.jpeg; path = 4934348604.jpeg; sourceTree = "<group>"; };
		CAAC83D323B335BF00787AB2 /* 926680527.jpeg */ = {isa = PBXFileReference; lastKnownFileType = image.jpeg; path = 926680527.jpeg; sourceTree = "<group>"; };
		CAAC83D423B335BF00787AB2 /* 3461756566.jpeg */ = {isa = PBXFileReference; lastKnownFileType = image.jpeg; path = 3461756566.jpeg; sourceTree = "<group>"; };
		CAAC83D523B335BF00787AB2 /* 603564546.jpeg */ = {isa = PBXFileReference; lastKnownFileType = image.jpeg; path = 603564546.jpeg; sourceTree = "<group>"; };
		CAAC83D623B335BF00787AB2 /* 6289891986.jpeg */ = {isa = PBXFileReference; lastKnownFileType = image.jpeg; path = 6289891986.jpeg; sourceTree = "<group>"; };
		CAAC83DA23B335D600787AB2 /* 1.jpeg */ = {isa = PBXFileReference; lastKnownFileType = image.jpeg; path = 1.jpeg; sourceTree = "<group>"; };
		CAAC83DB23B335D600787AB2 /* 50.jpeg */ = {isa = PBXFileReference; lastKnownFileType = image.jpeg; path = 50.jpeg; sourceTree = "<group>"; };
		CAAC83DC23B335D600787AB2 /* 1516159990.jpeg */ = {isa = PBXFileReference; lastKnownFileType = image.jpeg; path = 1516159990.jpeg; sourceTree = "<group>"; };
		CAAC83DD23B335D600787AB2 /* 238221586.jpeg */ = {isa = PBXFileReference; lastKnownFileType = image.jpeg; path = 238221586.jpeg; sourceTree = "<group>"; };
		CAAC83DE23B335D600787AB2 /* 424324.jpeg */ = {isa = PBXFileReference; lastKnownFileType = image.jpeg; path = 424324.jpeg; sourceTree = "<group>"; };
		CAAC83DF23B335D600787AB2 /* 7735164184.jpeg */ = {isa = PBXFileReference; lastKnownFileType = image.jpeg; path = 7735164184.jpeg; sourceTree = "<group>"; };
		CAC80CD723B340CA00F53300 /* zoom.plist */ = {isa = PBXFileReference; fileEncoding = 4; lastKnownFileType = text.plist.xml; path = zoom.plist; sourceTree = "<group>"; };
		CAC80CDE23B34C5300F53300 /* LEQZone.h */ = {isa = PBXFileReference; lastKnownFileType = sourcecode.c.h; path = LEQZone.h; sourceTree = "<group>"; };
		CAC80CDF23B34C5300F53300 /* LEQZone.m */ = {isa = PBXFileReference; lastKnownFileType = sourcecode.c.objc; path = LEQZone.m; sourceTree = "<group>"; };
		CAC80CE123B34DB500F53300 /* LEQZoneFrame.h */ = {isa = PBXFileReference; lastKnownFileType = sourcecode.c.h; path = LEQZoneFrame.h; sourceTree = "<group>"; };
		CAC80CE223B34DB500F53300 /* LEQZoneFrame.m */ = {isa = PBXFileReference; lastKnownFileType = sourcecode.c.objc; path = LEQZoneFrame.m; sourceTree = "<group>"; };
		CAC80CE423B3529600F53300 /* NSString+Tools.h */ = {isa = PBXFileReference; fileEncoding = 4; lastKnownFileType = sourcecode.c.h; path = "NSString+Tools.h"; sourceTree = "<group>"; };
		CAC80CE523B3529600F53300 /* NSString+Tools.m */ = {isa = PBXFileReference; fileEncoding = 4; lastKnownFileType = sourcecode.c.objc; path = "NSString+Tools.m"; sourceTree = "<group>"; };
		CAC80CED23B4586E00F53300 /* LEPictureView.h */ = {isa = PBXFileReference; lastKnownFileType = sourcecode.c.h; path = LEPictureView.h; sourceTree = "<group>"; };
		CAC80CEE23B4586E00F53300 /* LEPictureView.m */ = {isa = PBXFileReference; lastKnownFileType = sourcecode.c.objc; path = LEPictureView.m; sourceTree = "<group>"; };
		CAC80CF023B4CF7D00F53300 /* LEComment.h */ = {isa = PBXFileReference; lastKnownFileType = sourcecode.c.h; path = LEComment.h; sourceTree = "<group>"; };
		CAC80CF123B4CF7D00F53300 /* LEComment.m */ = {isa = PBXFileReference; lastKnownFileType = sourcecode.c.objc; path = LEComment.m; sourceTree = "<group>"; };
		CAC80CF323B4D13A00F53300 /* LECommentView.h */ = {isa = PBXFileReference; lastKnownFileType = sourcecode.c.h; path = LECommentView.h; sourceTree = "<group>"; };
		CAC80CF423B4D13A00F53300 /* LECommentView.m */ = {isa = PBXFileReference; lastKnownFileType = sourcecode.c.objc; path = LECommentView.m; sourceTree = "<group>"; };
		CAC80CF623B4D27B00F53300 /* comment.plist */ = {isa = PBXFileReference; lastKnownFileType = text.plist.xml; path = comment.plist; sourceTree = "<group>"; };
		CAD1EBB723B6FB7D00185B69 /* LEBrowserImageView.m */ = {isa = PBXFileReference; fileEncoding = 4; lastKnownFileType = sourcecode.c.objc; path = LEBrowserImageView.m; sourceTree = "<group>"; };
		CAD1EBB823B6FB7E00185B69 /* LEPhotoBrowser.h */ = {isa = PBXFileReference; fileEncoding = 4; lastKnownFileType = sourcecode.c.h; path = LEPhotoBrowser.h; sourceTree = "<group>"; };
		CAD1EBB923B6FB7E00185B69 /* LEPhotoBrowser.m */ = {isa = PBXFileReference; fileEncoding = 4; lastKnownFileType = sourcecode.c.objc; path = LEPhotoBrowser.m; sourceTree = "<group>"; };
		CAD1EBBB23B6FB7E00185B69 /* LEBrowserImageView.h */ = {isa = PBXFileReference; fileEncoding = 4; lastKnownFileType = sourcecode.c.h; path = LEBrowserImageView.h; sourceTree = "<group>"; };
		CAD1EBBC23B6FB7E00185B69 /* LEPhotoBrowserConfig.h */ = {isa = PBXFileReference; fileEncoding = 4; lastKnownFileType = sourcecode.c.h; path = LEPhotoBrowserConfig.h; sourceTree = "<group>"; };
/* End PBXFileReference section */

/* Begin PBXFrameworksBuildPhase section */
		CAAC838623B3166B00787AB2 /* Frameworks */ = {
			isa = PBXFrameworksBuildPhase;
			buildActionMask = 2147483647;
			files = (
			);
			runOnlyForDeploymentPostprocessing = 0;
		};
		CAAC83A123B3166C00787AB2 /* Frameworks */ = {
			isa = PBXFrameworksBuildPhase;
			buildActionMask = 2147483647;
			files = (
			);
			runOnlyForDeploymentPostprocessing = 0;
		};
		CAAC83AC23B3166C00787AB2 /* Frameworks */ = {
			isa = PBXFrameworksBuildPhase;
			buildActionMask = 2147483647;
			files = (
			);
			runOnlyForDeploymentPostprocessing = 0;
		};
/* End PBXFrameworksBuildPhase section */

/* Begin PBXGroup section */
		CAAC838023B3166B00787AB2 = {
			isa = PBXGroup;
			children = (
				CAAC838B23B3166B00787AB2 /* FeedList */,
				CAAC83A723B3166C00787AB2 /* FeedListTests */,
				CAAC83B223B3166C00787AB2 /* FeedListUITests */,
				CAAC838A23B3166B00787AB2 /* Products */,
			);
			sourceTree = "<group>";
		};
		CAAC838A23B3166B00787AB2 /* Products */ = {
			isa = PBXGroup;
			children = (
				CAAC838923B3166B00787AB2 /* FeedList.app */,
				CAAC83A423B3166C00787AB2 /* FeedListTests.xctest */,
				CAAC83AF23B3166C00787AB2 /* FeedListUITests.xctest */,
			);
			name = Products;
			sourceTree = "<group>";
		};
		CAAC838B23B3166B00787AB2 /* FeedList */ = {
			isa = PBXGroup;
			children = (
				CAAC839D23B3166C00787AB2 /* Info.plist */,
				CAD1EBB523B6FB6400185B69 /* BrowserImage */,
				CAAC83D023B3359D00787AB2 /* Supporting File */,
				CAAC83C423B3168D00787AB2 /* Others */,
				CAAC83C323B3168700787AB2 /* View */,
				CAAC83C223B3167E00787AB2 /* Model */,
				CAAC83C123B3167600787AB2 /* Controller */,
			);
			path = FeedList;
			sourceTree = "<group>";
		};
		CAAC83A723B3166C00787AB2 /* FeedListTests */ = {
			isa = PBXGroup;
			children = (
				CAAC83A823B3166C00787AB2 /* FeedListTests.m */,
				CAAC83AA23B3166C00787AB2 /* Info.plist */,
			);
			path = FeedListTests;
			sourceTree = "<group>";
		};
		CAAC83B223B3166C00787AB2 /* FeedListUITests */ = {
			isa = PBXGroup;
			children = (
				CAAC83B323B3166C00787AB2 /* FeedListUITests.m */,
				CAAC83B523B3166C00787AB2 /* Info.plist */,
			);
			path = FeedListUITests;
			sourceTree = "<group>";
		};
		CAAC83C123B3167600787AB2 /* Controller */ = {
			isa = PBXGroup;
			children = (
				CAAC83C823B319F400787AB2 /* LEQZoneTableViewController.h */,
				CAAC83C923B319F400787AB2 /* LEQZoneTableViewController.m */,
			);
			path = Controller;
			sourceTree = "<group>";
		};
		CAAC83C223B3167E00787AB2 /* Model */ = {
			isa = PBXGroup;
			children = (
				CAC80CDE23B34C5300F53300 /* LEQZone.h */,
				CAC80CDF23B34C5300F53300 /* LEQZone.m */,
				CAC80CE123B34DB500F53300 /* LEQZoneFrame.h */,
				CAC80CE223B34DB500F53300 /* LEQZoneFrame.m */,
				CAC80CF023B4CF7D00F53300 /* LEComment.h */,
				CAC80CF123B4CF7D00F53300 /* LEComment.m */,
			);
			path = Model;
			sourceTree = "<group>";
		};
		CAAC83C323B3168700787AB2 /* View */ = {
			isa = PBXGroup;
			children = (
				CAAC839523B3166B00787AB2 /* Main.storyboard */,
				CAAC839A23B3166C00787AB2 /* LaunchScreen.storyboard */,
				CAAC83CB23B31B0000787AB2 /* LEQZoneTableViewCell.h */,
				CAAC83CC23B31B0000787AB2 /* LEQZoneTableViewCell.m */,
				CAC80CED23B4586E00F53300 /* LEPictureView.h */,
				CAC80CEE23B4586E00F53300 /* LEPictureView.m */,
				CAC80CF323B4D13A00F53300 /* LECommentView.h */,
				CAC80CF423B4D13A00F53300 /* LECommentView.m */,
			);
			path = View;
			sourceTree = "<group>";
		};
		CAAC83C423B3168D00787AB2 /* Others */ = {
			isa = PBXGroup;
			children = (
				CAC80CE423B3529600F53300 /* NSString+Tools.h */,
				CAC80CE523B3529600F53300 /* NSString+Tools.m */,
				CAAC838F23B3166B00787AB2 /* SceneDelegate.h */,
				CAAC839023B3166B00787AB2 /* SceneDelegate.m */,
				CAAC838C23B3166B00787AB2 /* AppDelegate.h */,
				CAAC838D23B3166B00787AB2 /* AppDelegate.m */,
			);
			path = Others;
			sourceTree = "<group>";
		};
		CAAC83D023B3359D00787AB2 /* Supporting File */ = {
			isa = PBXGroup;
			children = (
				CAAC83D923B335D600787AB2 /* icon */,
				CAAC839823B3166C00787AB2 /* Assets.xcassets */,
				CAC80CD723B340CA00F53300 /* zoom.plist */,
				CAAC839E23B3166C00787AB2 /* main.m */,
				CAAC83D123B335BF00787AB2 /* image */,
				CAC80CF623B4D27B00F53300 /* comment.plist */,
			);
			path = "Supporting File";
			sourceTree = "<group>";
		};
		CAAC83D123B335BF00787AB2 /* image */ = {
			isa = PBXGroup;
			children = (
				CAAC83D223B335BF00787AB2 /* 4934348604.jpeg */,
				CAAC83D323B335BF00787AB2 /* 926680527.jpeg */,
				CAAC83D423B335BF00787AB2 /* 3461756566.jpeg */,
				CAAC83D523B335BF00787AB2 /* 603564546.jpeg */,
				CAAC83D623B335BF00787AB2 /* 6289891986.jpeg */,
			);
			path = image;
			sourceTree = "<group>";
		};
		CAAC83D923B335D600787AB2 /* icon */ = {
			isa = PBXGroup;
			children = (
				CAAC83DA23B335D600787AB2 /* 1.jpeg */,
				CAAC83DB23B335D600787AB2 /* 50.jpeg */,
				CAAC83DC23B335D600787AB2 /* 1516159990.jpeg */,
				CAAC83DD23B335D600787AB2 /* 238221586.jpeg */,
				CAAC83DE23B335D600787AB2 /* 424324.jpeg */,
				CAAC83DF23B335D600787AB2 /* 7735164184.jpeg */,
			);
			path = icon;
			sourceTree = "<group>";
		};
		CAD1EBB523B6FB6400185B69 /* BrowserImage */ = {
			isa = PBXGroup;
			children = (
				CAD1EBBB23B6FB7E00185B69 /* LEBrowserImageView.h */,
				CAD1EBB723B6FB7D00185B69 /* LEBrowserImageView.m */,
				CAD1EBB823B6FB7E00185B69 /* LEPhotoBrowser.h */,
				CAD1EBB923B6FB7E00185B69 /* LEPhotoBrowser.m */,
				CAD1EBBC23B6FB7E00185B69 /* LEPhotoBrowserConfig.h */,
			);
			path = BrowserImage;
			sourceTree = "<group>";
		};
/* End PBXGroup section */

/* Begin PBXNativeTarget section */
		CAAC838823B3166B00787AB2 /* FeedList */ = {
			isa = PBXNativeTarget;
			buildConfigurationList = CAAC83B823B3166C00787AB2 /* Build configuration list for PBXNativeTarget "FeedList" */;
			buildPhases = (
				CAAC838523B3166B00787AB2 /* Sources */,
				CAAC838623B3166B00787AB2 /* Frameworks */,
				CAAC838723B3166B00787AB2 /* Resources */,
			);
			buildRules = (
			);
			dependencies = (
			);
			name = FeedList;
			productName = FeedList;
			productReference = CAAC838923B3166B00787AB2 /* FeedList.app */;
			productType = "com.apple.product-type.application";
		};
		CAAC83A323B3166C00787AB2 /* FeedListTests */ = {
			isa = PBXNativeTarget;
			buildConfigurationList = CAAC83BB23B3166C00787AB2 /* Build configuration list for PBXNativeTarget "FeedListTests" */;
			buildPhases = (
				CAAC83A023B3166C00787AB2 /* Sources */,
				CAAC83A123B3166C00787AB2 /* Frameworks */,
				CAAC83A223B3166C00787AB2 /* Resources */,
			);
			buildRules = (
			);
			dependencies = (
				CAAC83A623B3166C00787AB2 /* PBXTargetDependency */,
			);
			name = FeedListTests;
			productName = FeedListTests;
			productReference = CAAC83A423B3166C00787AB2 /* FeedListTests.xctest */;
			productType = "com.apple.product-type.bundle.unit-test";
		};
		CAAC83AE23B3166C00787AB2 /* FeedListUITests */ = {
			isa = PBXNativeTarget;
			buildConfigurationList = CAAC83BE23B3166C00787AB2 /* Build configuration list for PBXNativeTarget "FeedListUITests" */;
			buildPhases = (
				CAAC83AB23B3166C00787AB2 /* Sources */,
				CAAC83AC23B3166C00787AB2 /* Frameworks */,
				CAAC83AD23B3166C00787AB2 /* Resources */,
			);
			buildRules = (
			);
			dependencies = (
				CAAC83B123B3166C00787AB2 /* PBXTargetDependency */,
			);
			name = FeedListUITests;
			productName = FeedListUITests;
			productReference = CAAC83AF23B3166C00787AB2 /* FeedListUITests.xctest */;
			productType = "com.apple.product-type.bundle.ui-testing";
		};
/* End PBXNativeTarget section */

/* Begin PBXProject section */
		CAAC838123B3166B00787AB2 /* Project object */ = {
			isa = PBXProject;
			attributes = {
				CLASSPREFIX = LE;
				LastUpgradeCheck = 1130;
				ORGANIZATIONNAME = leooooli;
				TargetAttributes = {
					CAAC838823B3166B00787AB2 = {
						CreatedOnToolsVersion = 11.3;
					};
					CAAC83A323B3166C00787AB2 = {
						CreatedOnToolsVersion = 11.3;
						TestTargetID = CAAC838823B3166B00787AB2;
					};
					CAAC83AE23B3166C00787AB2 = {
						CreatedOnToolsVersion = 11.3;
						TestTargetID = CAAC838823B3166B00787AB2;
					};
				};
			};
			buildConfigurationList = CAAC838423B3166B00787AB2 /* Build configuration list for PBXProject "FeedList" */;
			compatibilityVersion = "Xcode 9.3";
			developmentRegion = en;
			hasScannedForEncodings = 0;
			knownRegions = (
				en,
				Base,
			);
			mainGroup = CAAC838023B3166B00787AB2;
			productRefGroup = CAAC838A23B3166B00787AB2 /* Products */;
			projectDirPath = "";
			projectRoot = "";
			targets = (
				CAAC838823B3166B00787AB2 /* FeedList */,
				CAAC83A323B3166C00787AB2 /* FeedListTests */,
				CAAC83AE23B3166C00787AB2 /* FeedListUITests */,
			);
		};
/* End PBXProject section */

/* Begin PBXResourcesBuildPhase section */
		CAAC838723B3166B00787AB2 /* Resources */ = {
			isa = PBXResourcesBuildPhase;
			buildActionMask = 2147483647;
			files = (
				CAAC839C23B3166C00787AB2 /* LaunchScreen.storyboard in Resources */,
				CAC80CF723B4D27B00F53300 /* comment.plist in Resources */,
				CAAC839923B3166C00787AB2 /* Assets.xcassets in Resources */,
				CAAC839723B3166B00787AB2 /* Main.storyboard in Resources */,
				CAC80CD823B340CA00F53300 /* zoom.plist in Resources */,
			);
			runOnlyForDeploymentPostprocessing = 0;
		};
		CAAC83A223B3166C00787AB2 /* Resources */ = {
			isa = PBXResourcesBuildPhase;
			buildActionMask = 2147483647;
			files = (
			);
			runOnlyForDeploymentPostprocessing = 0;
		};
		CAAC83AD23B3166C00787AB2 /* Resources */ = {
			isa = PBXResourcesBuildPhase;
			buildActionMask = 2147483647;
			files = (
			);
			runOnlyForDeploymentPostprocessing = 0;
		};
/* End PBXResourcesBuildPhase section */

/* Begin PBXSourcesBuildPhase section */
		CAAC838523B3166B00787AB2 /* Sources */ = {
			isa = PBXSourcesBuildPhase;
			buildActionMask = 2147483647;
			files = (
				CAD1EBBE23B6FB7E00185B69 /* LEBrowserImageView.m in Sources */,
				CAAC83CA23B319F400787AB2 /* LEQZoneTableViewController.m in Sources */,
				CAD1EBBF23B6FB7E00185B69 /* LEPhotoBrowser.m in Sources */,
				CAAC83CD23B31B0000787AB2 /* LEQZoneTableViewCell.m in Sources */,
				CAC80CEF23B4586E00F53300 /* LEPictureView.m in Sources */,
				CAC80CE323B34DB500F53300 /* LEQZoneFrame.m in Sources */,
				CAAC838E23B3166B00787AB2 /* AppDelegate.m in Sources */,
				CAAC839F23B3166C00787AB2 /* main.m in Sources */,
				CAC80CE023B34C5300F53300 /* LEQZone.m in Sources */,
				CAAC839123B3166B00787AB2 /* SceneDelegate.m in Sources */,
				CAC80CE623B3529600F53300 /* NSString+Tools.m in Sources */,
				CAC80CF223B4CF7D00F53300 /* LEComment.m in Sources */,
				CAC80CF523B4D13A00F53300 /* LECommentView.m in Sources */,
			);
			runOnlyForDeploymentPostprocessing = 0;
		};
		CAAC83A023B3166C00787AB2 /* Sources */ = {
			isa = PBXSourcesBuildPhase;
			buildActionMask = 2147483647;
			files = (
				CAAC83A923B3166C00787AB2 /* FeedListTests.m in Sources */,
			);
			runOnlyForDeploymentPostprocessing = 0;
		};
		CAAC83AB23B3166C00787AB2 /* Sources */ = {
			isa = PBXSourcesBuildPhase;
			buildActionMask = 2147483647;
			files = (
				CAAC83B423B3166C00787AB2 /* FeedListUITests.m in Sources */,
			);
			runOnlyForDeploymentPostprocessing = 0;
		};
/* End PBXSourcesBuildPhase section */

/* Begin PBXTargetDependency section */
		CAAC83A623B3166C00787AB2 /* PBXTargetDependency */ = {
			isa = PBXTargetDependency;
			target = CAAC838823B3166B00787AB2 /* FeedList */;
			targetProxy = CAAC83A523B3166C00787AB2 /* PBXContainerItemProxy */;
		};
		CAAC83B123B3166C00787AB2 /* PBXTargetDependency */ = {
			isa = PBXTargetDependency;
			target = CAAC838823B3166B00787AB2 /* FeedList */;
			targetProxy = CAAC83B023B3166C00787AB2 /* PBXContainerItemProxy */;
		};
/* End PBXTargetDependency section */

/* Begin PBXVariantGroup section */
		CAAC839523B3166B00787AB2 /* Main.storyboard */ = {
			isa = PBXVariantGroup;
			children = (
				CAAC839623B3166B00787AB2 /* Base */,
			);
			name = Main.storyboard;
			sourceTree = "<group>";
		};
		CAAC839A23B3166C00787AB2 /* LaunchScreen.storyboard */ = {
			isa = PBXVariantGroup;
			children = (
				CAAC839B23B3166C00787AB2 /* Base */,
			);
			name = LaunchScreen.storyboard;
			sourceTree = "<group>";
		};
/* End PBXVariantGroup section */

/* Begin XCBuildConfiguration section */
		CAAC83B623B3166C00787AB2 /* Debug */ = {
			isa = XCBuildConfiguration;
			buildSettings = {
				ALWAYS_SEARCH_USER_PATHS = NO;
				CLANG_ANALYZER_NONNULL = YES;
				CLANG_ANALYZER_NUMBER_OBJECT_CONVERSION = YES_AGGRESSIVE;
				CLANG_CXX_LANGUAGE_STANDARD = "gnu++14";
				CLANG_CXX_LIBRARY = "libc++";
				CLANG_ENABLE_MODULES = YES;
				CLANG_ENABLE_OBJC_ARC = YES;
				CLANG_ENABLE_OBJC_WEAK = YES;
				CLANG_WARN_BLOCK_CAPTURE_AUTORELEASING = YES;
				CLANG_WARN_BOOL_CONVERSION = YES;
				CLANG_WARN_COMMA = YES;
				CLANG_WARN_CONSTANT_CONVERSION = YES;
				CLANG_WARN_DEPRECATED_OBJC_IMPLEMENTATIONS = YES;
				CLANG_WARN_DIRECT_OBJC_ISA_USAGE = YES_ERROR;
				CLANG_WARN_DOCUMENTATION_COMMENTS = YES;
				CLANG_WARN_EMPTY_BODY = YES;
				CLANG_WARN_ENUM_CONVERSION = YES;
				CLANG_WARN_INFINITE_RECURSION = YES;
				CLANG_WARN_INT_CONVERSION = YES;
				CLANG_WARN_NON_LITERAL_NULL_CONVERSION = YES;
				CLANG_WARN_OBJC_IMPLICIT_RETAIN_SELF = YES;
				CLANG_WARN_OBJC_LITERAL_CONVERSION = YES;
				CLANG_WARN_OBJC_ROOT_CLASS = YES_ERROR;
				CLANG_WARN_RANGE_LOOP_ANALYSIS = YES;
				CLANG_WARN_STRICT_PROTOTYPES = YES;
				CLANG_WARN_SUSPICIOUS_MOVE = YES;
				CLANG_WARN_UNGUARDED_AVAILABILITY = YES_AGGRESSIVE;
				CLANG_WARN_UNREACHABLE_CODE = YES;
				CLANG_WARN__DUPLICATE_METHOD_MATCH = YES;
				COPY_PHASE_STRIP = NO;
				DEBUG_INFORMATION_FORMAT = dwarf;
				ENABLE_STRICT_OBJC_MSGSEND = YES;
				ENABLE_TESTABILITY = YES;
				GCC_C_LANGUAGE_STANDARD = gnu11;
				GCC_DYNAMIC_NO_PIC = NO;
				GCC_NO_COMMON_BLOCKS = YES;
				GCC_OPTIMIZATION_LEVEL = 0;
				GCC_PREPROCESSOR_DEFINITIONS = (
					"DEBUG=1",
					"$(inherited)",
				);
				GCC_WARN_64_TO_32_BIT_CONVERSION = YES;
				GCC_WARN_ABOUT_RETURN_TYPE = YES_ERROR;
				GCC_WARN_UNDECLARED_SELECTOR = YES;
				GCC_WARN_UNINITIALIZED_AUTOS = YES_AGGRESSIVE;
				GCC_WARN_UNUSED_FUNCTION = YES;
				GCC_WARN_UNUSED_VARIABLE = YES;
				IPHONEOS_DEPLOYMENT_TARGET = 13.2;
				MTL_ENABLE_DEBUG_INFO = INCLUDE_SOURCE;
				MTL_FAST_MATH = YES;
				ONLY_ACTIVE_ARCH = YES;
				SDKROOT = iphoneos;
			};
			name = Debug;
		};
		CAAC83B723B3166C00787AB2 /* Release */ = {
			isa = XCBuildConfiguration;
			buildSettings = {
				ALWAYS_SEARCH_USER_PATHS = NO;
				CLANG_ANALYZER_NONNULL = YES;
				CLANG_ANALYZER_NUMBER_OBJECT_CONVERSION = YES_AGGRESSIVE;
				CLANG_CXX_LANGUAGE_STANDARD = "gnu++14";
				CLANG_CXX_LIBRARY = "libc++";
				CLANG_ENABLE_MODULES = YES;
				CLANG_ENABLE_OBJC_ARC = YES;
				CLANG_ENABLE_OBJC_WEAK = YES;
				CLANG_WARN_BLOCK_CAPTURE_AUTORELEASING = YES;
				CLANG_WARN_BOOL_CONVERSION = YES;
				CLANG_WARN_COMMA = YES;
				CLANG_WARN_CONSTANT_CONVERSION = YES;
				CLANG_WARN_DEPRECATED_OBJC_IMPLEMENTATIONS = YES;
				CLANG_WARN_DIRECT_OBJC_ISA_USAGE = YES_ERROR;
				CLANG_WARN_DOCUMENTATION_COMMENTS = YES;
				CLANG_WARN_EMPTY_BODY = YES;
				CLANG_WARN_ENUM_CONVERSION = YES;
				CLANG_WARN_INFINITE_RECURSION = YES;
				CLANG_WARN_INT_CONVERSION = YES;
				CLANG_WARN_NON_LITERAL_NULL_CONVERSION = YES;
				CLANG_WARN_OBJC_IMPLICIT_RETAIN_SELF = YES;
				CLANG_WARN_OBJC_LITERAL_CONVERSION = YES;
				CLANG_WARN_OBJC_ROOT_CLASS = YES_ERROR;
				CLANG_WARN_RANGE_LOOP_ANALYSIS = YES;
				CLANG_WARN_STRICT_PROTOTYPES = YES;
				CLANG_WARN_SUSPICIOUS_MOVE = YES;
				CLANG_WARN_UNGUARDED_AVAILABILITY = YES_AGGRESSIVE;
				CLANG_WARN_UNREACHABLE_CODE = YES;
				CLANG_WARN__DUPLICATE_METHOD_MATCH = YES;
				COPY_PHASE_STRIP = NO;
				DEBUG_INFORMATION_FORMAT = "dwarf-with-dsym";
				ENABLE_NS_ASSERTIONS = NO;
				ENABLE_STRICT_OBJC_MSGSEND = YES;
				GCC_C_LANGUAGE_STANDARD = gnu11;
				GCC_NO_COMMON_BLOCKS = YES;
				GCC_WARN_64_TO_32_BIT_CONVERSION = YES;
				GCC_WARN_ABOUT_RETURN_TYPE = YES_ERROR;
				GCC_WARN_UNDECLARED_SELECTOR = YES;
				GCC_WARN_UNINITIALIZED_AUTOS = YES_AGGRESSIVE;
				GCC_WARN_UNUSED_FUNCTION = YES;
				GCC_WARN_UNUSED_VARIABLE = YES;
				IPHONEOS_DEPLOYMENT_TARGET = 13.2;
				MTL_ENABLE_DEBUG_INFO = NO;
				MTL_FAST_MATH = YES;
				SDKROOT = iphoneos;
				VALIDATE_PRODUCT = YES;
			};
			name = Release;
		};
		CAAC83B923B3166C00787AB2 /* Debug */ = {
			isa = XCBuildConfiguration;
			buildSettings = {
				ASSETCATALOG_COMPILER_APPICON_NAME = AppIcon;
				CODE_SIGN_STYLE = Automatic;
				INFOPLIST_FILE = FeedList/Info.plist;
				LD_RUNPATH_SEARCH_PATHS = (
					"$(inherited)",
					"@executable_path/Frameworks",
				);
				PRODUCT_BUNDLE_IDENTIFIER = LE.FeedList;
				PRODUCT_NAME = "$(TARGET_NAME)";
				TARGETED_DEVICE_FAMILY = "1,2";
			};
			name = Debug;
		};
		CAAC83BA23B3166C00787AB2 /* Release */ = {
			isa = XCBuildConfiguration;
			buildSettings = {
				ASSETCATALOG_COMPILER_APPICON_NAME = AppIcon;
				CODE_SIGN_STYLE = Automatic;
				INFOPLIST_FILE = FeedList/Info.plist;
				LD_RUNPATH_SEARCH_PATHS = (
					"$(inherited)",
					"@executable_path/Frameworks",
				);
				PRODUCT_BUNDLE_IDENTIFIER = LE.FeedList;
				PRODUCT_NAME = "$(TARGET_NAME)";
				TARGETED_DEVICE_FAMILY = "1,2";
			};
			name = Release;
		};
		CAAC83BC23B3166C00787AB2 /* Debug */ = {
			isa = XCBuildConfiguration;
			buildSettings = {
				BUNDLE_LOADER = "$(TEST_HOST)";
				CODE_SIGN_STYLE = Automatic;
				INFOPLIST_FILE = FeedListTests/Info.plist;
				IPHONEOS_DEPLOYMENT_TARGET = 13.2;
				LD_RUNPATH_SEARCH_PATHS = (
					"$(inherited)",
					"@executable_path/Frameworks",
					"@loader_path/Frameworks",
				);
				PRODUCT_BUNDLE_IDENTIFIER = LE.FeedListTests;
				PRODUCT_NAME = "$(TARGET_NAME)";
				TARGETED_DEVICE_FAMILY = "1,2";
				TEST_HOST = "$(BUILT_PRODUCTS_DIR)/FeedList.app/FeedList";
			};
			name = Debug;
		};
		CAAC83BD23B3166C00787AB2 /* Release */ = {
			isa = XCBuildConfiguration;
			buildSettings = {
				BUNDLE_LOADER = "$(TEST_HOST)";
				CODE_SIGN_STYLE = Automatic;
				INFOPLIST_FILE = FeedListTests/Info.plist;
				IPHONEOS_DEPLOYMENT_TARGET = 13.2;
				LD_RUNPATH_SEARCH_PATHS = (
					"$(inherited)",
					"@executable_path/Frameworks",
					"@loader_path/Frameworks",
				);
				PRODUCT_BUNDLE_IDENTIFIER = LE.FeedListTests;
				PRODUCT_NAME = "$(TARGET_NAME)";
				TARGETED_DEVICE_FAMILY = "1,2";
				TEST_HOST = "$(BUILT_PRODUCTS_DIR)/FeedList.app/FeedList";
			};
			name = Release;
		};
		CAAC83BF23B3166C00787AB2 /* Debug */ = {
			isa = XCBuildConfiguration;
			buildSettings = {
				CODE_SIGN_STYLE = Automatic;
				INFOPLIST_FILE = FeedListUITests/Info.plist;
				LD_RUNPATH_SEARCH_PATHS = (
					"$(inherited)",
					"@executable_path/Frameworks",
					"@loader_path/Frameworks",
				);
				PRODUCT_BUNDLE_IDENTIFIER = LE.FeedListUITests;
				PRODUCT_NAME = "$(TARGET_NAME)";
				TARGETED_DEVICE_FAMILY = "1,2";
				TEST_TARGET_NAME = FeedList;
			};
			name = Debug;
		};
		CAAC83C023B3166C00787AB2 /* Release */ = {
			isa = XCBuildConfiguration;
			buildSettings = {
				CODE_SIGN_STYLE = Automatic;
				INFOPLIST_FILE = FeedListUITests/Info.plist;
				LD_RUNPATH_SEARCH_PATHS = (
					"$(inherited)",
					"@executable_path/Frameworks",
					"@loader_path/Frameworks",
				);
				PRODUCT_BUNDLE_IDENTIFIER = LE.FeedListUITests;
				PRODUCT_NAME = "$(TARGET_NAME)";
				TARGETED_DEVICE_FAMILY = "1,2";
				TEST_TARGET_NAME = FeedList;
			};
			name = Release;
		};
/* End XCBuildConfiguration section */

/* Begin XCConfigurationList section */
		CAAC838423B3166B00787AB2 /* Build configuration list for PBXProject "FeedList" */ = {
			isa = XCConfigurationList;
			buildConfigurations = (
				CAAC83B623B3166C00787AB2 /* Debug */,
				CAAC83B723B3166C00787AB2 /* Release */,
			);
			defaultConfigurationIsVisible = 0;
			defaultConfigurationName = Release;
		};
		CAAC83B823B3166C00787AB2 /* Build configuration list for PBXNativeTarget "FeedList" */ = {
			isa = XCConfigurationList;
			buildConfigurations = (
				CAAC83B923B3166C00787AB2 /* Debug */,
				CAAC83BA23B3166C00787AB2 /* Release */,
			);
			defaultConfigurationIsVisible = 0;
			defaultConfigurationName = Release;
		};
		CAAC83BB23B3166C00787AB2 /* Build configuration list for PBXNativeTarget "FeedListTests" */ = {
			isa = XCConfigurationList;
			buildConfigurations = (
				CAAC83BC23B3166C00787AB2 /* Debug */,
				CAAC83BD23B3166C00787AB2 /* Release */,
			);
			defaultConfigurationIsVisible = 0;
			defaultConfigurationName = Release;
		};
		CAAC83BE23B3166C00787AB2 /* Build configuration list for PBXNativeTarget "FeedListUITests" */ = {
			isa = XCConfigurationList;
			buildConfigurations = (
				CAAC83BF23B3166C00787AB2 /* Debug */,
				CAAC83C023B3166C00787AB2 /* Release */,
			);
			defaultConfigurationIsVisible = 0;
			defaultConfigurationName = Release;
		};
/* End XCConfigurationList section */
	};
	rootObject = CAAC838123B3166B00787AB2 /* Project object */;
}
